
Microsoft Visual Studio Solution File, Format Version 12.00
# Visual Studio 15
VisualStudioVersion = 15.0.28307.1972
MinimumVisualStudioVersion = 10.0.40219.1
Project("{FAE04EC0-301F-11D3-BF4B-00C04F79EFBC}") = "FitnesCentar", "FitnesCentar\FitnesCentar.csproj", "{49453F35-A283-45DD-8D2C-784F6651E5F6}"
EndProject
Global
	GlobalSection(SolutionConfigurationPlatforms) = preSolution
		Debug|Any CPU = Debug|Any CPU
		Release|Any CPU = Release|Any CPU
	EndGlobalSection
	GlobalSection(ProjectConfigurationPlatforms) = postSolution
		{49453F35-A283-45DD-8D2C-784F6651E5F6}.Debug|Any CPU.ActiveCfg = Debug|Any CPU
		{49453F35-A283-45DD-8D2C-784F6651E5F6}.Debug|Any CPU.Build.0 = Debug|Any CPU
		{49453F35-A283-45DD-8D2C-784F6651E5F6}.Release|Any CPU.ActiveCfg = Release|Any CPU
		{49453F35-A283-45DD-8D2C-784F6651E5F6}.Release|Any CPU.Build.0 = Release|Any CPU
	EndGlobalSection
	GlobalSection(SolutionProperties) = preSolution
		HideSolutionNode = FALSE
	EndGlobalSection
	GlobalSection(ExtensibilityGlobals) = postSolution
		SolutionGuid = {AB34AABE-6E8F-4295-B840-A415F3E25256}
	EndGlobalSection
EndGlobal
